
Microsoft Visual Studio Solution File, Format Version 11.00
# Visual C++ Express 2010
Project("{8BC9CEB8-8B4A-11D0-8D11-00A0C91BC942}") = "Test", "Test\Test.vcxproj", "{129DCE00-9429-45AB-AB38-7862499192E9}"
EndProject
Project("{8BC9CEB8-8B4A-11D0-8D11-00A0C91BC942}") = "alchemy", "alchemy\alchemy.vcxproj", "{20CF60A1-79AE-4308-BEBA-2EC7919AFC5C}"
EndProject
Global
	GlobalSection(SolutionConfigurationPlatforms) = preSolution
		Debug|Win32 = Debug|Win32
		Release|Win32 = Release|Win32
	EndGlobalSection
	GlobalSection(ProjectConfigurationPlatforms) = postSolution
		{129DCE00-9429-45AB-AB38-7862499192E9}.Debug|Win32.ActiveCfg = Debug|Win32
		{129DCE00-9429-45AB-AB38-7862499192E9}.Debug|Win32.Build.0 = Debug|Win32
		{129DCE00-9429-45AB-AB38-7862499192E9}.Release|Win32.ActiveCfg = Release|Win32
		{129DCE00-9429-45AB-AB38-7862499192E9}.Release|Win32.Build.0 = Release|Win32
		{20CF60A1-79AE-4308-BEBA-2EC7919AFC5C}.Debug|Win32.ActiveCfg = Debug|Win32
		{20CF60A1-79AE-4308-BEBA-2EC7919AFC5C}.Debug|Win32.Build.0 = Debug|Win32
		{20CF60A1-79AE-4308-BEBA-2EC7919AFC5C}.Release|Win32.ActiveCfg = Release|Win32
		{20CF60A1-79AE-4308-BEBA-2EC7919AFC5C}.Release|Win32.Build.0 = Release|Win32
	EndGlobalSection
	GlobalSection(SolutionProperties) = preSolution
		HideSolutionNode = FALSE
	EndGlobalSection
EndGlobal
