<?xml version="1.0" encoding="utf-8"?>
<Project ToolsVersion="4.0" xmlns="http://schemas.microsoft.com/developer/msbuild/2003">
  <ItemGroup>
    <Filter Include="Source Files">
      <UniqueIdentifier>{4FC737F1-C7A5-4376-A066-2A32D752A2FF}</UniqueIdentifier>
      <Extensions>cpp;c;cc;cxx;def;odl;idl;hpj;bat;asm;asmx</Extensions>
    </Filter>
    <Filter Include="Header Files">
      <UniqueIdentifier>{93995380-89BD-4b04-88EB-625FBE52EBFB}</UniqueIdentifier>
      <Extensions>h;hpp;hxx;hm;inl;inc;xsd</Extensions>
    </Filter>
    <Filter Include="Resource Files">
      <UniqueIdentifier>{67DA6AB6-F800-4c08-8B7A-83BB121AAD01}</UniqueIdentifier>
      <Extensions>rc;ico;cur;bmp;dlg;rc2;rct;bin;rgs;gif;jpg;jpeg;jpe;resx;tiff;tif;png;wav;mfcribbon-ms</Extensions>
    </Filter>
    <Filter Include="Source Files\Hydrargyrum">
      <UniqueIdentifier>{bfc61d5c-36e7-48e5-a363-a830c2d414bd}</UniqueIdentifier>
    </Filter>
    <Filter Include="Source Files\Sol">
      <UniqueIdentifier>{0c5f9920-4fe9-477d-b899-8ec193c69811}</UniqueIdentifier>
    </Filter>
    <Filter Include="Header Files\Sol">
      <UniqueIdentifier>{2d8df503-9371-421d-ab71-fb86660c2b5a}</UniqueIdentifier>
    </Filter>
    <Filter Include="Header Files\Prima">
      <UniqueIdentifier>{025c6c93-5b76-4ba9-8a92-ad7794b6218c}</UniqueIdentifier>
    </Filter>
    <Filter Include="Source Files\Prima">
      <UniqueIdentifier>{aef48384-1d03-4ed2-ae2f-cec0401f45e3}</UniqueIdentifier>
    </Filter>
    <Filter Include="Header Files\Hydrargyrum">
      <UniqueIdentifier>{23e2e39a-5287-4643-848c-3f6f7059b61c}</UniqueIdentifier>
    </Filter>
  </ItemGroup>
  <ItemGroup>
    <None Include="ReadMe.txt" />
  </ItemGroup>
  <ItemGroup>
    <ClInclude Include="include\Sol\HMI_DataStruct.h">
      <Filter>Header Files\Sol</Filter>
    </ClInclude>
    <ClInclude Include="include\Sol\HMI_Interfaces.h">
      <Filter>Header Files\Sol</Filter>
    </ClInclude>
    <ClInclude Include="include\Sol\Sol.h">
      <Filter>Header Files\Sol</Filter>
    </ClInclude>
    <ClInclude Include="include\Sol\Event_Manager.h">
      <Filter>Header Files\Sol</Filter>
    </ClInclude>
    <ClInclude Include="include\Sol\HMI_Events.h">
      <Filter>Header Files\Sol</Filter>
    </ClInclude>
    <ClInclude Include="include\Prima\Prima.h">
      <Filter>Header Files\Prima</Filter>
    </ClInclude>
    <ClInclude Include="include\Hydrargyrum\Compositor.h">
      <Filter>Header Files\Hydrargyrum</Filter>
    </ClInclude>
    <ClInclude Include="include\Hydrargyrum\Cube.h">
      <Filter>Header Files\Hydrargyrum</Filter>
    </ClInclude>
    <ClInclude Include="include\Hydrargyrum\EventInterface.h">
      <Filter>Header Files\Hydrargyrum</Filter>
    </ClInclude>
    <ClInclude Include="include\Hydrargyrum\Hydrargyrum.h">
      <Filter>Header Files\Hydrargyrum</Filter>
    </ClInclude>
    <ClInclude Include="include\Hydrargyrum\Space.h">
      <Filter>Header Files\Hydrargyrum</Filter>
    </ClInclude>
    <ClInclude Include="include\Hydrargyrum\UIDataStructures.h">
      <Filter>Header Files\Hydrargyrum</Filter>
    </ClInclude>
    <ClInclude Include="include\Hydrargyrum\UIElement.h">
      <Filter>Header Files\Hydrargyrum</Filter>
    </ClInclude>
    <ClInclude Include="ElementsList.h">
      <Filter>Header Files\Hydrargyrum</Filter>
    </ClInclude>
    <ClInclude Include="include\Hydrargyrum\CubicList.h">
      <Filter>Header Files\Hydrargyrum</Filter>
    </ClInclude>
    <ClInclude Include="include\Hydrargyrum\CubicListElement.h">
      <Filter>Header Files\Hydrargyrum</Filter>
    </ClInclude>
    <ClInclude Include="include\Hydrargyrum\Floor.h">
      <Filter>Header Files\Hydrargyrum</Filter>
    </ClInclude>
  </ItemGroup>
  <ItemGroup>
    <ClCompile Include="src\Sol\HMI_Interfaces.cpp">
      <Filter>Source Files\Sol</Filter>
    </ClCompile>
    <ClCompile Include="src\Prima\Prima.cpp">
      <Filter>Source Files\Prima</Filter>
    </ClCompile>
    <ClCompile Include="src\Hydrargyrum\UIElement.cpp">
      <Filter>Source Files\Hydrargyrum</Filter>
    </ClCompile>
    <ClCompile Include="src\Hydrargyrum\Hydrargyrum.cpp">
      <Filter>Source Files\Hydrargyrum</Filter>
    </ClCompile>
    <ClCompile Include="src\Sol\Event_Manager.cpp">
      <Filter>Source Files\Sol</Filter>
    </ClCompile>
    <ClCompile Include="src\Sol\Sol.cpp">
      <Filter>Source Files\Sol</Filter>
    </ClCompile>
    <ClCompile Include="src\Sol\HMI_Events.cpp">
      <Filter>Source Files\Sol</Filter>
    </ClCompile>
    <ClCompile Include="src\Hydrargyrum\Compositor.cpp">
      <Filter>Source Files\Hydrargyrum</Filter>
    </ClCompile>
    <ClCompile Include="src\Hydrargyrum\Floor.cpp">
      <Filter>Source Files\Hydrargyrum</Filter>
    </ClCompile>
  </ItemGroup>
</Project>